
Microsoft Visual Studio Solution File, Format Version 11.00
# Visual C++ Express 2010
Project("{8BC9CEB8-8B4A-11D0-8D11-00A0C91BC942}") = "game01", "game01\game01.vcxproj", "{E54E95BF-D764-4967-8EB8-03B46A46A025}"
EndProject
Global
	GlobalSection(SolutionConfigurationPlatforms) = preSolution
		Debug|Win32 = Debug|Win32
		Release|Win32 = Release|Win32
	EndGlobalSection
	GlobalSection(ProjectConfigurationPlatforms) = postSolution
		{E54E95BF-D764-4967-8EB8-03B46A46A025}.Debug|Win32.ActiveCfg = Debug|Win32
		{E54E95BF-D764-4967-8EB8-03B46A46A025}.Debug|Win32.Build.0 = Debug|Win32
		{E54E95BF-D764-4967-8EB8-03B46A46A025}.Release|Win32.ActiveCfg = Release|Win32
		{E54E95BF-D764-4967-8EB8-03B46A46A025}.Release|Win32.Build.0 = Release|Win32
	EndGlobalSection
	GlobalSection(SolutionProperties) = preSolution
		HideSolutionNode = FALSE
	EndGlobalSection
EndGlobal
